
Microsoft Visual Studio Solution File, Format Version 12.00
# Visual Studio 15
VisualStudioVersion = 15.0.27004.2005
MinimumVisualStudioVersion = 10.0.40219.1
Project("{FAE04EC0-301F-11D3-BF4B-00C04F79EFBC}") = "001OddLines", "001OddLines\001OddLines.csproj", "{B9B56059-3A42-435A-9F02-98584EA4DE53}"
EndProject
Project("{FAE04EC0-301F-11D3-BF4B-00C04F79EFBC}") = "002LineNumbers", "002LineNumbers\002LineNumbers.csproj", "{1FAF1A4D-A7DE-4CFB-B678-213E1D9FDFB2}"
EndProject
Project("{FAE04EC0-301F-11D3-BF4B-00C04F79EFBC}") = "003WordCount", "003WordCount\003WordCount.csproj", "{2A32C795-780C-43B8-8555-3FEA66BCDDC4}"
EndProject
Project("{FAE04EC0-301F-11D3-BF4B-00C04F79EFBC}") = "004MergeFiles", "004MergeFiles\004MergeFiles.csproj", "{FA9E9B14-D6A5-4FAB-8BA2-76205F79143D}"
EndProject
Project("{FAE04EC0-301F-11D3-BF4B-00C04F79EFBC}") = "005FolderSize", "005FolderSize\005FolderSize.csproj", "{4383821C-2311-426F-BD72-6FBE46F9C835}"
EndProject
Project("{FAE04EC0-301F-11D3-BF4B-00C04F79EFBC}") = "01MostFrequentNumber", "01MostFrequentNumber\01MostFrequentNumber.csproj", "{384BE919-DFB0-4F97-8BFA-7C64FBD832AB}"
EndProject
Project("{FAE04EC0-301F-11D3-BF4B-00C04F79EFBC}") = "02IndexOfLetters", "02IndexOfLetters\02IndexOfLetters.csproj", "{EAF03E0D-A914-4EF1-8358-2C5C2B8F6604}"
EndProject
Project("{FAE04EC0-301F-11D3-BF4B-00C04F79EFBC}") = "03EqualSums", "03EqualSums\03EqualSums.csproj", "{89BA0BD1-C4D3-4BD0-878F-1B58931A9A45}"
EndProject
Project("{FAE04EC0-301F-11D3-BF4B-00C04F79EFBC}") = "04MaxSequenceOfEqualElements", "04MaxSequenceOfEqualElements\04MaxSequenceOfEqualElements.csproj", "{731B34F4-93A9-46CD-B132-D4EEDEFA0F3D}"
EndProject
Project("{FAE04EC0-301F-11D3-BF4B-00C04F79EFBC}") = "05MinerTask", "05MinerTask\05MinerTask.csproj", "{CDC9BE24-39B4-4D5F-AB36-CD6F6FFBA6C7}"
EndProject
Project("{FAE04EC0-301F-11D3-BF4B-00C04F79EFBC}") = "06FixEmails", "06FixEmails\06FixEmails.csproj", "{9E2540F7-AA07-45CF-9CCB-6902193FD6D0}"
EndProject
Project("{FAE04EC0-301F-11D3-BF4B-00C04F79EFBC}") = "07AdvertisementMessage", "07AdvertisementMessage\07AdvertisementMessage.csproj", "{A559C459-B466-4286-8D6D-D5BC81CE3E43}"
EndProject
Project("{FAE04EC0-301F-11D3-BF4B-00C04F79EFBC}") = "08AverageGrades", "08AverageGrades\08AverageGrades.csproj", "{C29C200A-972A-4764-BAC6-BE1386A2E8D8}"
EndProject
Project("{FAE04EC0-301F-11D3-BF4B-00C04F79EFBC}") = "09BookLibrary", "09BookLibrary\09BookLibrary.csproj", "{11CC77F7-2717-4E07-A7DD-CC230C4A7946}"
EndProject
Project("{FAE04EC0-301F-11D3-BF4B-00C04F79EFBC}") = "10BookLibraryModification", "10BookLibraryModification\10BookLibraryModification.csproj", "{B8C0D767-985C-4D85-A78F-B490BFBDC7AB}"
EndProject
Project("{FAE04EC0-301F-11D3-BF4B-00C04F79EFBC}") = "901OrderByAge", "901OrderByAge\901OrderByAge.csproj", "{05B588CF-E92E-4069-A207-35793430EFE0}"
EndProject
Project("{FAE04EC0-301F-11D3-BF4B-00C04F79EFBC}") = "902VehicleCatalogue", "902VehicleCatalogue\902VehicleCatalogue.csproj", "{CD7B785C-7AB1-46C4-A56B-A2E153A3AEDA}"
EndProject
Project("{FAE04EC0-301F-11D3-BF4B-00C04F79EFBC}") = "903Jarvis", "903Jarvis\903Jarvis.csproj", "{3AB3BEC2-C0C1-4ED2-BC70-6C8B574626B9}"
EndProject
Project("{FAE04EC0-301F-11D3-BF4B-00C04F79EFBC}") = "904PunctuationFinder", "904PunctuationFinder\904PunctuationFinder.csproj", "{229273D5-2E16-4F40-A4FD-B7F2E0A7395E}"
EndProject
Project("{FAE04EC0-301F-11D3-BF4B-00C04F79EFBC}") = "905WriteToFile", "905WriteToFile\905WriteToFile.csproj", "{995A6A62-B9D1-44EF-805B-0C1030393FAF}"
EndProject
Project("{FAE04EC0-301F-11D3-BF4B-00C04F79EFBC}") = "906EXCELlentKnowledge", "906EXCELlentKnowledge\906EXCELlentKnowledge.csproj", "{9CCC2C6C-CA65-4E07-BCA8-0EAA788BCF80}"
EndProject
Project("{FAE04EC0-301F-11D3-BF4B-00C04F79EFBC}") = "907PlayCatch", "907PlayCatch\907PlayCatch.csproj", "{E007FF64-D2CC-4197-8B48-FD2089E4E528}"
EndProject
Project("{FAE04EC0-301F-11D3-BF4B-00C04F79EFBC}") = "908PersonalException", "908PersonalException\908PersonalException.csproj", "{791513BE-AEBC-4927-9C4E-6F37A61EE5A5}"
EndProject
Global
	GlobalSection(SolutionConfigurationPlatforms) = preSolution
		Debug|Any CPU = Debug|Any CPU
		Release|Any CPU = Release|Any CPU
	EndGlobalSection
	GlobalSection(ProjectConfigurationPlatforms) = postSolution
		{B9B56059-3A42-435A-9F02-98584EA4DE53}.Debug|Any CPU.ActiveCfg = Debug|Any CPU
		{B9B56059-3A42-435A-9F02-98584EA4DE53}.Debug|Any CPU.Build.0 = Debug|Any CPU
		{B9B56059-3A42-435A-9F02-98584EA4DE53}.Release|Any CPU.ActiveCfg = Release|Any CPU
		{B9B56059-3A42-435A-9F02-98584EA4DE53}.Release|Any CPU.Build.0 = Release|Any CPU
		{1FAF1A4D-A7DE-4CFB-B678-213E1D9FDFB2}.Debug|Any CPU.ActiveCfg = Debug|Any CPU
		{1FAF1A4D-A7DE-4CFB-B678-213E1D9FDFB2}.Debug|Any CPU.Build.0 = Debug|Any CPU
		{1FAF1A4D-A7DE-4CFB-B678-213E1D9FDFB2}.Release|Any CPU.ActiveCfg = Release|Any CPU
		{1FAF1A4D-A7DE-4CFB-B678-213E1D9FDFB2}.Release|Any CPU.Build.0 = Release|Any CPU
		{2A32C795-780C-43B8-8555-3FEA66BCDDC4}.Debug|Any CPU.ActiveCfg = Debug|Any CPU
		{2A32C795-780C-43B8-8555-3FEA66BCDDC4}.Debug|Any CPU.Build.0 = Debug|Any CPU
		{2A32C795-780C-43B8-8555-3FEA66BCDDC4}.Release|Any CPU.ActiveCfg = Release|Any CPU
		{2A32C795-780C-43B8-8555-3FEA66BCDDC4}.Release|Any CPU.Build.0 = Release|Any CPU
		{FA9E9B14-D6A5-4FAB-8BA2-76205F79143D}.Debug|Any CPU.ActiveCfg = Debug|Any CPU
		{FA9E9B14-D6A5-4FAB-8BA2-76205F79143D}.Debug|Any CPU.Build.0 = Debug|Any CPU
		{FA9E9B14-D6A5-4FAB-8BA2-76205F79143D}.Release|Any CPU.ActiveCfg = Release|Any CPU
		{FA9E9B14-D6A5-4FAB-8BA2-76205F79143D}.Release|Any CPU.Build.0 = Release|Any CPU
		{4383821C-2311-426F-BD72-6FBE46F9C835}.Debug|Any CPU.ActiveCfg = Debug|Any CPU
		{4383821C-2311-426F-BD72-6FBE46F9C835}.Debug|Any CPU.Build.0 = Debug|Any CPU
		{4383821C-2311-426F-BD72-6FBE46F9C835}.Release|Any CPU.ActiveCfg = Release|Any CPU
		{4383821C-2311-426F-BD72-6FBE46F9C835}.Release|Any CPU.Build.0 = Release|Any CPU
		{384BE919-DFB0-4F97-8BFA-7C64FBD832AB}.Debug|Any CPU.ActiveCfg = Debug|Any CPU
		{384BE919-DFB0-4F97-8BFA-7C64FBD832AB}.Debug|Any CPU.Build.0 = Debug|Any CPU
		{384BE919-DFB0-4F97-8BFA-7C64FBD832AB}.Release|Any CPU.ActiveCfg = Release|Any CPU
		{384BE919-DFB0-4F97-8BFA-7C64FBD832AB}.Release|Any CPU.Build.0 = Release|Any CPU
		{EAF03E0D-A914-4EF1-8358-2C5C2B8F6604}.Debug|Any CPU.ActiveCfg = Debug|Any CPU
		{EAF03E0D-A914-4EF1-8358-2C5C2B8F6604}.Debug|Any CPU.Build.0 = Debug|Any CPU
		{EAF03E0D-A914-4EF1-8358-2C5C2B8F6604}.Release|Any CPU.ActiveCfg = Release|Any CPU
		{EAF03E0D-A914-4EF1-8358-2C5C2B8F6604}.Release|Any CPU.Build.0 = Release|Any CPU
		{89BA0BD1-C4D3-4BD0-878F-1B58931A9A45}.Debug|Any CPU.ActiveCfg = Debug|Any CPU
		{89BA0BD1-C4D3-4BD0-878F-1B58931A9A45}.Debug|Any CPU.Build.0 = Debug|Any CPU
		{89BA0BD1-C4D3-4BD0-878F-1B58931A9A45}.Release|Any CPU.ActiveCfg = Release|Any CPU
		{89BA0BD1-C4D3-4BD0-878F-1B58931A9A45}.Release|Any CPU.Build.0 = Release|Any CPU
		{731B34F4-93A9-46CD-B132-D4EEDEFA0F3D}.Debug|Any CPU.ActiveCfg = Debug|Any CPU
		{731B34F4-93A9-46CD-B132-D4EEDEFA0F3D}.Debug|Any CPU.Build.0 = Debug|Any CPU
		{731B34F4-93A9-46CD-B132-D4EEDEFA0F3D}.Release|Any CPU.ActiveCfg = Release|Any CPU
		{731B34F4-93A9-46CD-B132-D4EEDEFA0F3D}.Release|Any CPU.Build.0 = Release|Any CPU
		{CDC9BE24-39B4-4D5F-AB36-CD6F6FFBA6C7}.Debug|Any CPU.ActiveCfg = Debug|Any CPU
		{CDC9BE24-39B4-4D5F-AB36-CD6F6FFBA6C7}.Debug|Any CPU.Build.0 = Debug|Any CPU
		{CDC9BE24-39B4-4D5F-AB36-CD6F6FFBA6C7}.Release|Any CPU.ActiveCfg = Release|Any CPU
		{CDC9BE24-39B4-4D5F-AB36-CD6F6FFBA6C7}.Release|Any CPU.Build.0 = Release|Any CPU
		{9E2540F7-AA07-45CF-9CCB-6902193FD6D0}.Debug|Any CPU.ActiveCfg = Debug|Any CPU
		{9E2540F7-AA07-45CF-9CCB-6902193FD6D0}.Debug|Any CPU.Build.0 = Debug|Any CPU
		{9E2540F7-AA07-45CF-9CCB-6902193FD6D0}.Release|Any CPU.ActiveCfg = Release|Any CPU
		{9E2540F7-AA07-45CF-9CCB-6902193FD6D0}.Release|Any CPU.Build.0 = Release|Any CPU
		{A559C459-B466-4286-8D6D-D5BC81CE3E43}.Debug|Any CPU.ActiveCfg = Debug|Any CPU
		{A559C459-B466-4286-8D6D-D5BC81CE3E43}.Debug|Any CPU.Build.0 = Debug|Any CPU
		{A559C459-B466-4286-8D6D-D5BC81CE3E43}.Release|Any CPU.ActiveCfg = Release|Any CPU
		{A559C459-B466-4286-8D6D-D5BC81CE3E43}.Release|Any CPU.Build.0 = Release|Any CPU
		{C29C200A-972A-4764-BAC6-BE1386A2E8D8}.Debug|Any CPU.ActiveCfg = Debug|Any CPU
		{C29C200A-972A-4764-BAC6-BE1386A2E8D8}.Debug|Any CPU.Build.0 = Debug|Any CPU
		{C29C200A-972A-4764-BAC6-BE1386A2E8D8}.Release|Any CPU.ActiveCfg = Release|Any CPU
		{C29C200A-972A-4764-BAC6-BE1386A2E8D8}.Release|Any CPU.Build.0 = Release|Any CPU
		{11CC77F7-2717-4E07-A7DD-CC230C4A7946}.Debug|Any CPU.ActiveCfg = Debug|Any CPU
		{11CC77F7-2717-4E07-A7DD-CC230C4A7946}.Debug|Any CPU.Build.0 = Debug|Any CPU
		{11CC77F7-2717-4E07-A7DD-CC230C4A7946}.Release|Any CPU.ActiveCfg = Release|Any CPU
		{11CC77F7-2717-4E07-A7DD-CC230C4A7946}.Release|Any CPU.Build.0 = Release|Any CPU
		{B8C0D767-985C-4D85-A78F-B490BFBDC7AB}.Debug|Any CPU.ActiveCfg = Debug|Any CPU
		{B8C0D767-985C-4D85-A78F-B490BFBDC7AB}.Debug|Any CPU.Build.0 = Debug|Any CPU
		{B8C0D767-985C-4D85-A78F-B490BFBDC7AB}.Release|Any CPU.ActiveCfg = Release|Any CPU
		{B8C0D767-985C-4D85-A78F-B490BFBDC7AB}.Release|Any CPU.Build.0 = Release|Any CPU
		{05B588CF-E92E-4069-A207-35793430EFE0}.Debug|Any CPU.ActiveCfg = Debug|Any CPU
		{05B588CF-E92E-4069-A207-35793430EFE0}.Debug|Any CPU.Build.0 = Debug|Any CPU
		{05B588CF-E92E-4069-A207-35793430EFE0}.Release|Any CPU.ActiveCfg = Release|Any CPU
		{05B588CF-E92E-4069-A207-35793430EFE0}.Release|Any CPU.Build.0 = Release|Any CPU
		{CD7B785C-7AB1-46C4-A56B-A2E153A3AEDA}.Debug|Any CPU.ActiveCfg = Debug|Any CPU
		{CD7B785C-7AB1-46C4-A56B-A2E153A3AEDA}.Debug|Any CPU.Build.0 = Debug|Any CPU
		{CD7B785C-7AB1-46C4-A56B-A2E153A3AEDA}.Release|Any CPU.ActiveCfg = Release|Any CPU
		{CD7B785C-7AB1-46C4-A56B-A2E153A3AEDA}.Release|Any CPU.Build.0 = Release|Any CPU
		{3AB3BEC2-C0C1-4ED2-BC70-6C8B574626B9}.Debug|Any CPU.ActiveCfg = Debug|Any CPU
		{3AB3BEC2-C0C1-4ED2-BC70-6C8B574626B9}.Debug|Any CPU.Build.0 = Debug|Any CPU
		{3AB3BEC2-C0C1-4ED2-BC70-6C8B574626B9}.Release|Any CPU.ActiveCfg = Release|Any CPU
		{3AB3BEC2-C0C1-4ED2-BC70-6C8B574626B9}.Release|Any CPU.Build.0 = Release|Any CPU
		{229273D5-2E16-4F40-A4FD-B7F2E0A7395E}.Debug|Any CPU.ActiveCfg = Debug|Any CPU
		{229273D5-2E16-4F40-A4FD-B7F2E0A7395E}.Debug|Any CPU.Build.0 = Debug|Any CPU
		{229273D5-2E16-4F40-A4FD-B7F2E0A7395E}.Release|Any CPU.ActiveCfg = Release|Any CPU
		{229273D5-2E16-4F40-A4FD-B7F2E0A7395E}.Release|Any CPU.Build.0 = Release|Any CPU
		{995A6A62-B9D1-44EF-805B-0C1030393FAF}.Debug|Any CPU.ActiveCfg = Debug|Any CPU
		{995A6A62-B9D1-44EF-805B-0C1030393FAF}.Debug|Any CPU.Build.0 = Debug|Any CPU
		{995A6A62-B9D1-44EF-805B-0C1030393FAF}.Release|Any CPU.ActiveCfg = Release|Any CPU
		{995A6A62-B9D1-44EF-805B-0C1030393FAF}.Release|Any CPU.Build.0 = Release|Any CPU
		{9CCC2C6C-CA65-4E07-BCA8-0EAA788BCF80}.Debug|Any CPU.ActiveCfg = Debug|Any CPU
		{9CCC2C6C-CA65-4E07-BCA8-0EAA788BCF80}.Debug|Any CPU.Build.0 = Debug|Any CPU
		{9CCC2C6C-CA65-4E07-BCA8-0EAA788BCF80}.Release|Any CPU.ActiveCfg = Release|Any CPU
		{9CCC2C6C-CA65-4E07-BCA8-0EAA788BCF80}.Release|Any CPU.Build.0 = Release|Any CPU
		{E007FF64-D2CC-4197-8B48-FD2089E4E528}.Debug|Any CPU.ActiveCfg = Debug|Any CPU
		{E007FF64-D2CC-4197-8B48-FD2089E4E528}.Debug|Any CPU.Build.0 = Debug|Any CPU
		{E007FF64-D2CC-4197-8B48-FD2089E4E528}.Release|Any CPU.ActiveCfg = Release|Any CPU
		{E007FF64-D2CC-4197-8B48-FD2089E4E528}.Release|Any CPU.Build.0 = Release|Any CPU
		{791513BE-AEBC-4927-9C4E-6F37A61EE5A5}.Debug|Any CPU.ActiveCfg = Debug|Any CPU
		{791513BE-AEBC-4927-9C4E-6F37A61EE5A5}.Debug|Any CPU.Build.0 = Debug|Any CPU
		{791513BE-AEBC-4927-9C4E-6F37A61EE5A5}.Release|Any CPU.ActiveCfg = Release|Any CPU
		{791513BE-AEBC-4927-9C4E-6F37A61EE5A5}.Release|Any CPU.Build.0 = Release|Any CPU
	EndGlobalSection
	GlobalSection(SolutionProperties) = preSolution
		HideSolutionNode = FALSE
	EndGlobalSection
	GlobalSection(ExtensibilityGlobals) = postSolution
		SolutionGuid = {F168E63F-4503-42D3-AAB0-CDDD72B37B32}
	EndGlobalSection
EndGlobal
