
Microsoft Visual Studio Solution File, Format Version 12.00
# Visual Studio 15
VisualStudioVersion = 15.0.26730.16
MinimumVisualStudioVersion = 10.0.40219.1
Project("{FAE04EC0-301F-11D3-BF4B-00C04F79EFBC}") = "001Passed", "001Passed\001Passed.csproj", "{283C2574-339F-45C4-A298-5F1D483676B1}"
EndProject
Project("{FAE04EC0-301F-11D3-BF4B-00C04F79EFBC}") = "002PassedOrFailed", "002PassedOrFailed\002PassedOrFailed.csproj", "{C540D43F-98A1-405F-BFDF-CBD151144C8E}"
EndProject
Project("{FAE04EC0-301F-11D3-BF4B-00C04F79EFBC}") = "003BackIn30Minutes", "003BackIn30Minutes\003BackIn30Minutes.csproj", "{D592E775-6D4A-4B5F-8F0F-F2EFA761F4ED}"
EndProject
Project("{FAE04EC0-301F-11D3-BF4B-00C04F79EFBC}") = "004MonthPrinter", "004MonthPrinter\004MonthPrinter.csproj", "{2573D638-44BA-498E-86A6-B95014C237E8}"
EndProject
Project("{FAE04EC0-301F-11D3-BF4B-00C04F79EFBC}") = "005ForeignLanguages", "005ForeignLanguages\005ForeignLanguages.csproj", "{A076381D-3026-4E3A-B0A1-606BAE5E5332}"
EndProject
Project("{FAE04EC0-301F-11D3-BF4B-00C04F79EFBC}") = "006TheatrePromotion", "006TheatrePromotion\006TheatrePromotion.csproj", "{12136719-0B4A-4800-AD3A-B83F0151CFBD}"
EndProject
Project("{FAE04EC0-301F-11D3-BF4B-00C04F79EFBC}") = "007DivisibleBy3", "007DivisibleBy3\007DivisibleBy3.csproj", "{A11F6C06-45A9-4B1E-BB33-F214051E0995}"
EndProject
Project("{FAE04EC0-301F-11D3-BF4B-00C04F79EFBC}") = "008SumOfOddNumbers", "008SumOfOddNumbers\008SumOfOddNumbers.csproj", "{5392BF7D-CD10-48C4-8179-E4434BFF3444}"
EndProject
Project("{FAE04EC0-301F-11D3-BF4B-00C04F79EFBC}") = "009MultiplicationTable", "009MultiplicationTable\009MultiplicationTable.csproj", "{1251F699-7734-4673-B429-3A876E688C5B}"
EndProject
Project("{FAE04EC0-301F-11D3-BF4B-00C04F79EFBC}") = "010MultiplicationTable2.0", "010MultiplicationTable2.0\010MultiplicationTable2.0.csproj", "{20C9CA2D-C13A-4229-9AFD-287F938F8D62}"
EndProject
Project("{FAE04EC0-301F-11D3-BF4B-00C04F79EFBC}") = "011OddNumber", "011OddNumber\011OddNumber.csproj", "{20608529-1255-44FF-BB02-C74CEC6268CE}"
EndProject
Project("{FAE04EC0-301F-11D3-BF4B-00C04F79EFBC}") = "012NumberChecker", "012NumberChecker\012NumberChecker.csproj", "{BD670C64-0193-40FA-930B-2F4C0446DFFF}"
EndProject
Project("{FAE04EC0-301F-11D3-BF4B-00C04F79EFBC}") = "01ChooseDrink", "01ChooseDrink\01ChooseDrink.csproj", "{972BF36D-114B-4573-BC27-A2BE11A1E47E}"
EndProject
Project("{FAE04EC0-301F-11D3-BF4B-00C04F79EFBC}") = "02ChooseDrink2", "02ChooseDrink2\02ChooseDrink2.csproj", "{DDC30A42-DD4A-4020-82D5-2508FCDCDF4B}"
EndProject
Project("{FAE04EC0-301F-11D3-BF4B-00C04F79EFBC}") = "03RestaurantDiscount", "03RestaurantDiscount\03RestaurantDiscount.csproj", "{B72721C5-DE44-454C-A9E0-0D42E4E8340B}"
EndProject
Project("{FAE04EC0-301F-11D3-BF4B-00C04F79EFBC}") = "04Hotel", "04Hotel\04Hotel.csproj", "{F7E44F8B-A377-47C3-BFB8-85B2C94F845C}"
EndProject
Project("{FAE04EC0-301F-11D3-BF4B-00C04F79EFBC}") = "05WordInPlural", "05WordInPlural\05WordInPlural.csproj", "{A62613B0-4952-4D30-959A-A78D4C725D5B}"
EndProject
Project("{FAE04EC0-301F-11D3-BF4B-00C04F79EFBC}") = "06IntervalOfNumbers", "06IntervalOfNumbers\06IntervalOfNumbers.csproj", "{2A87BD9D-8843-41DF-8459-A9E3CAC89F27}"
EndProject
Project("{FAE04EC0-301F-11D3-BF4B-00C04F79EFBC}") = "07CakeIngredients", "07CakeIngredients\07CakeIngredients.csproj", "{AED58431-0279-4D60-82D4-3FA1E112796F}"
EndProject
Project("{FAE04EC0-301F-11D3-BF4B-00C04F79EFBC}") = "08CaloriesCounter", "08CaloriesCounter\08CaloriesCounter.csproj", "{A9AD0AB1-4106-4ABC-B114-4D2F9CF0A3F0}"
EndProject
Project("{FAE04EC0-301F-11D3-BF4B-00C04F79EFBC}") = "10TriangleOfNumbers", "10TriangleOfNumbers\10TriangleOfNumbers.csproj", "{CE76E96D-7B0A-4892-9D9C-D1BC0408FC8E}"
EndProject
Project("{FAE04EC0-301F-11D3-BF4B-00C04F79EFBC}") = "11_5DifferentNumbers", "11_5DifferentNumbers\11_5DifferentNumbers.csproj", "{EA0D0DFC-F198-43C5-9EF9-1977EFDC2713}"
EndProject
Project("{FAE04EC0-301F-11D3-BF4B-00C04F79EFBC}") = "12TestNumbers", "12TestNumbers\12TestNumbers.csproj", "{FA712442-8F8C-4562-A2CA-4FEEDA24D3AB}"
EndProject
Project("{FAE04EC0-301F-11D3-BF4B-00C04F79EFBC}") = "13GameOfNumbers", "13GameOfNumbers\13GameOfNumbers.csproj", "{EE1F981A-98EE-4609-9450-9FC977A080E2}"
EndProject
Project("{FAE04EC0-301F-11D3-BF4B-00C04F79EFBC}") = "14MagicLetter", "14MagicLetter\14MagicLetter.csproj", "{63048507-194F-454F-8953-FB23C26B4A7C}"
EndProject
Project("{FAE04EC0-301F-11D3-BF4B-00C04F79EFBC}") = "15NeighbourWars", "15NeighbourWars\15NeighbourWars.csproj", "{984A5814-A440-46E3-9F03-DDD5AABBCF03}"
EndProject
Project("{FAE04EC0-301F-11D3-BF4B-00C04F79EFBC}") = "09CountInteger", "09CountInteger\09CountInteger.csproj", "{8BCD2F56-88B7-4CEC-A09C-5E4B6B372B9B}"
EndProject
Project("{FAE04EC0-301F-11D3-BF4B-00C04F79EFBC}") = "901X", "901X\901X.csproj", "{92520DBD-43FE-4496-BB1E-6713C4D68F18}"
EndProject
Project("{FAE04EC0-301F-11D3-BF4B-00C04F79EFBC}") = "902VaporStore", "902VaporStore\902VaporStore.csproj", "{D8A856C1-6FDF-4776-856C-848ED3EA83B3}"
EndProject
Project("{FAE04EC0-301F-11D3-BF4B-00C04F79EFBC}") = "903Megapixels", "903Megapixels\903Megapixels.csproj", "{76419298-8838-4AD4-8FEC-FA7BDFDAE1F7}"
EndProject
Project("{FAE04EC0-301F-11D3-BF4B-00C04F79EFBC}") = "904PhotoGallery", "904PhotoGallery\904PhotoGallery.csproj", "{34DDFBD2-E83A-4B27-B2CA-76859AB0EB8D}"
EndProject
Project("{FAE04EC0-301F-11D3-BF4B-00C04F79EFBC}") = "905BPMCounter", "905BPMCounter\905BPMCounter.csproj", "{3FAAFBD4-B2FB-4E7B-BFF3-D6D4A80124E5}"
EndProject
Project("{FAE04EC0-301F-11D3-BF4B-00C04F79EFBC}") = "906DNASequences", "906DNASequences\906DNASequences.csproj", "{E2F774D5-1CEA-46A3-BF00-F8FD1BD420FA}"
EndProject
Project("{FAE04EC0-301F-11D3-BF4B-00C04F79EFBC}") = "907TrainingHallEquipment", "907TrainingHallEquipment\907TrainingHallEquipment.csproj", "{653A114A-A3E9-45B4-AAA5-C0335008E859}"
EndProject
Project("{FAE04EC0-301F-11D3-BF4B-00C04F79EFBC}") = "908SMSTyping", "908SMSTyping\908SMSTyping.csproj", "{2A133C73-D177-4B0E-9FBC-B1E9B0513FC5}"
EndProject
Global
	GlobalSection(SolutionConfigurationPlatforms) = preSolution
		Debug|Any CPU = Debug|Any CPU
		Release|Any CPU = Release|Any CPU
	EndGlobalSection
	GlobalSection(ProjectConfigurationPlatforms) = postSolution
		{283C2574-339F-45C4-A298-5F1D483676B1}.Debug|Any CPU.ActiveCfg = Debug|Any CPU
		{283C2574-339F-45C4-A298-5F1D483676B1}.Debug|Any CPU.Build.0 = Debug|Any CPU
		{283C2574-339F-45C4-A298-5F1D483676B1}.Release|Any CPU.ActiveCfg = Release|Any CPU
		{283C2574-339F-45C4-A298-5F1D483676B1}.Release|Any CPU.Build.0 = Release|Any CPU
		{C540D43F-98A1-405F-BFDF-CBD151144C8E}.Debug|Any CPU.ActiveCfg = Debug|Any CPU
		{C540D43F-98A1-405F-BFDF-CBD151144C8E}.Debug|Any CPU.Build.0 = Debug|Any CPU
		{C540D43F-98A1-405F-BFDF-CBD151144C8E}.Release|Any CPU.ActiveCfg = Release|Any CPU
		{C540D43F-98A1-405F-BFDF-CBD151144C8E}.Release|Any CPU.Build.0 = Release|Any CPU
		{D592E775-6D4A-4B5F-8F0F-F2EFA761F4ED}.Debug|Any CPU.ActiveCfg = Debug|Any CPU
		{D592E775-6D4A-4B5F-8F0F-F2EFA761F4ED}.Debug|Any CPU.Build.0 = Debug|Any CPU
		{D592E775-6D4A-4B5F-8F0F-F2EFA761F4ED}.Release|Any CPU.ActiveCfg = Release|Any CPU
		{D592E775-6D4A-4B5F-8F0F-F2EFA761F4ED}.Release|Any CPU.Build.0 = Release|Any CPU
		{2573D638-44BA-498E-86A6-B95014C237E8}.Debug|Any CPU.ActiveCfg = Debug|Any CPU
		{2573D638-44BA-498E-86A6-B95014C237E8}.Debug|Any CPU.Build.0 = Debug|Any CPU
		{2573D638-44BA-498E-86A6-B95014C237E8}.Release|Any CPU.ActiveCfg = Release|Any CPU
		{2573D638-44BA-498E-86A6-B95014C237E8}.Release|Any CPU.Build.0 = Release|Any CPU
		{A076381D-3026-4E3A-B0A1-606BAE5E5332}.Debug|Any CPU.ActiveCfg = Debug|Any CPU
		{A076381D-3026-4E3A-B0A1-606BAE5E5332}.Debug|Any CPU.Build.0 = Debug|Any CPU
		{A076381D-3026-4E3A-B0A1-606BAE5E5332}.Release|Any CPU.ActiveCfg = Release|Any CPU
		{A076381D-3026-4E3A-B0A1-606BAE5E5332}.Release|Any CPU.Build.0 = Release|Any CPU
		{12136719-0B4A-4800-AD3A-B83F0151CFBD}.Debug|Any CPU.ActiveCfg = Debug|Any CPU
		{12136719-0B4A-4800-AD3A-B83F0151CFBD}.Debug|Any CPU.Build.0 = Debug|Any CPU
		{12136719-0B4A-4800-AD3A-B83F0151CFBD}.Release|Any CPU.ActiveCfg = Release|Any CPU
		{12136719-0B4A-4800-AD3A-B83F0151CFBD}.Release|Any CPU.Build.0 = Release|Any CPU
		{A11F6C06-45A9-4B1E-BB33-F214051E0995}.Debug|Any CPU.ActiveCfg = Debug|Any CPU
		{A11F6C06-45A9-4B1E-BB33-F214051E0995}.Debug|Any CPU.Build.0 = Debug|Any CPU
		{A11F6C06-45A9-4B1E-BB33-F214051E0995}.Release|Any CPU.ActiveCfg = Release|Any CPU
		{A11F6C06-45A9-4B1E-BB33-F214051E0995}.Release|Any CPU.Build.0 = Release|Any CPU
		{5392BF7D-CD10-48C4-8179-E4434BFF3444}.Debug|Any CPU.ActiveCfg = Debug|Any CPU
		{5392BF7D-CD10-48C4-8179-E4434BFF3444}.Debug|Any CPU.Build.0 = Debug|Any CPU
		{5392BF7D-CD10-48C4-8179-E4434BFF3444}.Release|Any CPU.ActiveCfg = Release|Any CPU
		{5392BF7D-CD10-48C4-8179-E4434BFF3444}.Release|Any CPU.Build.0 = Release|Any CPU
		{1251F699-7734-4673-B429-3A876E688C5B}.Debug|Any CPU.ActiveCfg = Debug|Any CPU
		{1251F699-7734-4673-B429-3A876E688C5B}.Debug|Any CPU.Build.0 = Debug|Any CPU
		{1251F699-7734-4673-B429-3A876E688C5B}.Release|Any CPU.ActiveCfg = Release|Any CPU
		{1251F699-7734-4673-B429-3A876E688C5B}.Release|Any CPU.Build.0 = Release|Any CPU
		{20C9CA2D-C13A-4229-9AFD-287F938F8D62}.Debug|Any CPU.ActiveCfg = Debug|Any CPU
		{20C9CA2D-C13A-4229-9AFD-287F938F8D62}.Debug|Any CPU.Build.0 = Debug|Any CPU
		{20C9CA2D-C13A-4229-9AFD-287F938F8D62}.Release|Any CPU.ActiveCfg = Release|Any CPU
		{20C9CA2D-C13A-4229-9AFD-287F938F8D62}.Release|Any CPU.Build.0 = Release|Any CPU
		{20608529-1255-44FF-BB02-C74CEC6268CE}.Debug|Any CPU.ActiveCfg = Debug|Any CPU
		{20608529-1255-44FF-BB02-C74CEC6268CE}.Debug|Any CPU.Build.0 = Debug|Any CPU
		{20608529-1255-44FF-BB02-C74CEC6268CE}.Release|Any CPU.ActiveCfg = Release|Any CPU
		{20608529-1255-44FF-BB02-C74CEC6268CE}.Release|Any CPU.Build.0 = Release|Any CPU
		{BD670C64-0193-40FA-930B-2F4C0446DFFF}.Debug|Any CPU.ActiveCfg = Debug|Any CPU
		{BD670C64-0193-40FA-930B-2F4C0446DFFF}.Debug|Any CPU.Build.0 = Debug|Any CPU
		{BD670C64-0193-40FA-930B-2F4C0446DFFF}.Release|Any CPU.ActiveCfg = Release|Any CPU
		{BD670C64-0193-40FA-930B-2F4C0446DFFF}.Release|Any CPU.Build.0 = Release|Any CPU
		{972BF36D-114B-4573-BC27-A2BE11A1E47E}.Debug|Any CPU.ActiveCfg = Debug|Any CPU
		{972BF36D-114B-4573-BC27-A2BE11A1E47E}.Debug|Any CPU.Build.0 = Debug|Any CPU
		{972BF36D-114B-4573-BC27-A2BE11A1E47E}.Release|Any CPU.ActiveCfg = Release|Any CPU
		{972BF36D-114B-4573-BC27-A2BE11A1E47E}.Release|Any CPU.Build.0 = Release|Any CPU
		{DDC30A42-DD4A-4020-82D5-2508FCDCDF4B}.Debug|Any CPU.ActiveCfg = Debug|Any CPU
		{DDC30A42-DD4A-4020-82D5-2508FCDCDF4B}.Debug|Any CPU.Build.0 = Debug|Any CPU
		{DDC30A42-DD4A-4020-82D5-2508FCDCDF4B}.Release|Any CPU.ActiveCfg = Release|Any CPU
		{DDC30A42-DD4A-4020-82D5-2508FCDCDF4B}.Release|Any CPU.Build.0 = Release|Any CPU
		{B72721C5-DE44-454C-A9E0-0D42E4E8340B}.Debug|Any CPU.ActiveCfg = Debug|Any CPU
		{B72721C5-DE44-454C-A9E0-0D42E4E8340B}.Debug|Any CPU.Build.0 = Debug|Any CPU
		{B72721C5-DE44-454C-A9E0-0D42E4E8340B}.Release|Any CPU.ActiveCfg = Release|Any CPU
		{B72721C5-DE44-454C-A9E0-0D42E4E8340B}.Release|Any CPU.Build.0 = Release|Any CPU
		{F7E44F8B-A377-47C3-BFB8-85B2C94F845C}.Debug|Any CPU.ActiveCfg = Debug|Any CPU
		{F7E44F8B-A377-47C3-BFB8-85B2C94F845C}.Debug|Any CPU.Build.0 = Debug|Any CPU
		{F7E44F8B-A377-47C3-BFB8-85B2C94F845C}.Release|Any CPU.ActiveCfg = Release|Any CPU
		{F7E44F8B-A377-47C3-BFB8-85B2C94F845C}.Release|Any CPU.Build.0 = Release|Any CPU
		{A62613B0-4952-4D30-959A-A78D4C725D5B}.Debug|Any CPU.ActiveCfg = Debug|Any CPU
		{A62613B0-4952-4D30-959A-A78D4C725D5B}.Debug|Any CPU.Build.0 = Debug|Any CPU
		{A62613B0-4952-4D30-959A-A78D4C725D5B}.Release|Any CPU.ActiveCfg = Release|Any CPU
		{A62613B0-4952-4D30-959A-A78D4C725D5B}.Release|Any CPU.Build.0 = Release|Any CPU
		{2A87BD9D-8843-41DF-8459-A9E3CAC89F27}.Debug|Any CPU.ActiveCfg = Debug|Any CPU
		{2A87BD9D-8843-41DF-8459-A9E3CAC89F27}.Debug|Any CPU.Build.0 = Debug|Any CPU
		{2A87BD9D-8843-41DF-8459-A9E3CAC89F27}.Release|Any CPU.ActiveCfg = Release|Any CPU
		{2A87BD9D-8843-41DF-8459-A9E3CAC89F27}.Release|Any CPU.Build.0 = Release|Any CPU
		{AED58431-0279-4D60-82D4-3FA1E112796F}.Debug|Any CPU.ActiveCfg = Debug|Any CPU
		{AED58431-0279-4D60-82D4-3FA1E112796F}.Debug|Any CPU.Build.0 = Debug|Any CPU
		{AED58431-0279-4D60-82D4-3FA1E112796F}.Release|Any CPU.ActiveCfg = Release|Any CPU
		{AED58431-0279-4D60-82D4-3FA1E112796F}.Release|Any CPU.Build.0 = Release|Any CPU
		{A9AD0AB1-4106-4ABC-B114-4D2F9CF0A3F0}.Debug|Any CPU.ActiveCfg = Debug|Any CPU
		{A9AD0AB1-4106-4ABC-B114-4D2F9CF0A3F0}.Debug|Any CPU.Build.0 = Debug|Any CPU
		{A9AD0AB1-4106-4ABC-B114-4D2F9CF0A3F0}.Release|Any CPU.ActiveCfg = Release|Any CPU
		{A9AD0AB1-4106-4ABC-B114-4D2F9CF0A3F0}.Release|Any CPU.Build.0 = Release|Any CPU
		{CE76E96D-7B0A-4892-9D9C-D1BC0408FC8E}.Debug|Any CPU.ActiveCfg = Debug|Any CPU
		{CE76E96D-7B0A-4892-9D9C-D1BC0408FC8E}.Debug|Any CPU.Build.0 = Debug|Any CPU
		{CE76E96D-7B0A-4892-9D9C-D1BC0408FC8E}.Release|Any CPU.ActiveCfg = Release|Any CPU
		{CE76E96D-7B0A-4892-9D9C-D1BC0408FC8E}.Release|Any CPU.Build.0 = Release|Any CPU
		{EA0D0DFC-F198-43C5-9EF9-1977EFDC2713}.Debug|Any CPU.ActiveCfg = Debug|Any CPU
		{EA0D0DFC-F198-43C5-9EF9-1977EFDC2713}.Debug|Any CPU.Build.0 = Debug|Any CPU
		{EA0D0DFC-F198-43C5-9EF9-1977EFDC2713}.Release|Any CPU.ActiveCfg = Release|Any CPU
		{EA0D0DFC-F198-43C5-9EF9-1977EFDC2713}.Release|Any CPU.Build.0 = Release|Any CPU
		{FA712442-8F8C-4562-A2CA-4FEEDA24D3AB}.Debug|Any CPU.ActiveCfg = Debug|Any CPU
		{FA712442-8F8C-4562-A2CA-4FEEDA24D3AB}.Debug|Any CPU.Build.0 = Debug|Any CPU
		{FA712442-8F8C-4562-A2CA-4FEEDA24D3AB}.Release|Any CPU.ActiveCfg = Release|Any CPU
		{FA712442-8F8C-4562-A2CA-4FEEDA24D3AB}.Release|Any CPU.Build.0 = Release|Any CPU
		{EE1F981A-98EE-4609-9450-9FC977A080E2}.Debug|Any CPU.ActiveCfg = Debug|Any CPU
		{EE1F981A-98EE-4609-9450-9FC977A080E2}.Debug|Any CPU.Build.0 = Debug|Any CPU
		{EE1F981A-98EE-4609-9450-9FC977A080E2}.Release|Any CPU.ActiveCfg = Release|Any CPU
		{EE1F981A-98EE-4609-9450-9FC977A080E2}.Release|Any CPU.Build.0 = Release|Any CPU
		{63048507-194F-454F-8953-FB23C26B4A7C}.Debug|Any CPU.ActiveCfg = Debug|Any CPU
		{63048507-194F-454F-8953-FB23C26B4A7C}.Debug|Any CPU.Build.0 = Debug|Any CPU
		{63048507-194F-454F-8953-FB23C26B4A7C}.Release|Any CPU.ActiveCfg = Release|Any CPU
		{63048507-194F-454F-8953-FB23C26B4A7C}.Release|Any CPU.Build.0 = Release|Any CPU
		{984A5814-A440-46E3-9F03-DDD5AABBCF03}.Debug|Any CPU.ActiveCfg = Debug|Any CPU
		{984A5814-A440-46E3-9F03-DDD5AABBCF03}.Debug|Any CPU.Build.0 = Debug|Any CPU
		{984A5814-A440-46E3-9F03-DDD5AABBCF03}.Release|Any CPU.ActiveCfg = Release|Any CPU
		{984A5814-A440-46E3-9F03-DDD5AABBCF03}.Release|Any CPU.Build.0 = Release|Any CPU
		{8BCD2F56-88B7-4CEC-A09C-5E4B6B372B9B}.Debug|Any CPU.ActiveCfg = Debug|Any CPU
		{8BCD2F56-88B7-4CEC-A09C-5E4B6B372B9B}.Debug|Any CPU.Build.0 = Debug|Any CPU
		{8BCD2F56-88B7-4CEC-A09C-5E4B6B372B9B}.Release|Any CPU.ActiveCfg = Release|Any CPU
		{8BCD2F56-88B7-4CEC-A09C-5E4B6B372B9B}.Release|Any CPU.Build.0 = Release|Any CPU
		{92520DBD-43FE-4496-BB1E-6713C4D68F18}.Debug|Any CPU.ActiveCfg = Debug|Any CPU
		{92520DBD-43FE-4496-BB1E-6713C4D68F18}.Debug|Any CPU.Build.0 = Debug|Any CPU
		{92520DBD-43FE-4496-BB1E-6713C4D68F18}.Release|Any CPU.ActiveCfg = Release|Any CPU
		{92520DBD-43FE-4496-BB1E-6713C4D68F18}.Release|Any CPU.Build.0 = Release|Any CPU
		{D8A856C1-6FDF-4776-856C-848ED3EA83B3}.Debug|Any CPU.ActiveCfg = Debug|Any CPU
		{D8A856C1-6FDF-4776-856C-848ED3EA83B3}.Debug|Any CPU.Build.0 = Debug|Any CPU
		{D8A856C1-6FDF-4776-856C-848ED3EA83B3}.Release|Any CPU.ActiveCfg = Release|Any CPU
		{D8A856C1-6FDF-4776-856C-848ED3EA83B3}.Release|Any CPU.Build.0 = Release|Any CPU
		{76419298-8838-4AD4-8FEC-FA7BDFDAE1F7}.Debug|Any CPU.ActiveCfg = Debug|Any CPU
		{76419298-8838-4AD4-8FEC-FA7BDFDAE1F7}.Debug|Any CPU.Build.0 = Debug|Any CPU
		{76419298-8838-4AD4-8FEC-FA7BDFDAE1F7}.Release|Any CPU.ActiveCfg = Release|Any CPU
		{76419298-8838-4AD4-8FEC-FA7BDFDAE1F7}.Release|Any CPU.Build.0 = Release|Any CPU
		{34DDFBD2-E83A-4B27-B2CA-76859AB0EB8D}.Debug|Any CPU.ActiveCfg = Debug|Any CPU
		{34DDFBD2-E83A-4B27-B2CA-76859AB0EB8D}.Debug|Any CPU.Build.0 = Debug|Any CPU
		{34DDFBD2-E83A-4B27-B2CA-76859AB0EB8D}.Release|Any CPU.ActiveCfg = Release|Any CPU
		{34DDFBD2-E83A-4B27-B2CA-76859AB0EB8D}.Release|Any CPU.Build.0 = Release|Any CPU
		{3FAAFBD4-B2FB-4E7B-BFF3-D6D4A80124E5}.Debug|Any CPU.ActiveCfg = Debug|Any CPU
		{3FAAFBD4-B2FB-4E7B-BFF3-D6D4A80124E5}.Debug|Any CPU.Build.0 = Debug|Any CPU
		{3FAAFBD4-B2FB-4E7B-BFF3-D6D4A80124E5}.Release|Any CPU.ActiveCfg = Release|Any CPU
		{3FAAFBD4-B2FB-4E7B-BFF3-D6D4A80124E5}.Release|Any CPU.Build.0 = Release|Any CPU
		{E2F774D5-1CEA-46A3-BF00-F8FD1BD420FA}.Debug|Any CPU.ActiveCfg = Debug|Any CPU
		{E2F774D5-1CEA-46A3-BF00-F8FD1BD420FA}.Debug|Any CPU.Build.0 = Debug|Any CPU
		{E2F774D5-1CEA-46A3-BF00-F8FD1BD420FA}.Release|Any CPU.ActiveCfg = Release|Any CPU
		{E2F774D5-1CEA-46A3-BF00-F8FD1BD420FA}.Release|Any CPU.Build.0 = Release|Any CPU
		{653A114A-A3E9-45B4-AAA5-C0335008E859}.Debug|Any CPU.ActiveCfg = Debug|Any CPU
		{653A114A-A3E9-45B4-AAA5-C0335008E859}.Debug|Any CPU.Build.0 = Debug|Any CPU
		{653A114A-A3E9-45B4-AAA5-C0335008E859}.Release|Any CPU.ActiveCfg = Release|Any CPU
		{653A114A-A3E9-45B4-AAA5-C0335008E859}.Release|Any CPU.Build.0 = Release|Any CPU
		{2A133C73-D177-4B0E-9FBC-B1E9B0513FC5}.Debug|Any CPU.ActiveCfg = Debug|Any CPU
		{2A133C73-D177-4B0E-9FBC-B1E9B0513FC5}.Debug|Any CPU.Build.0 = Debug|Any CPU
		{2A133C73-D177-4B0E-9FBC-B1E9B0513FC5}.Release|Any CPU.ActiveCfg = Release|Any CPU
		{2A133C73-D177-4B0E-9FBC-B1E9B0513FC5}.Release|Any CPU.Build.0 = Release|Any CPU
	EndGlobalSection
	GlobalSection(SolutionProperties) = preSolution
		HideSolutionNode = FALSE
	EndGlobalSection
	GlobalSection(ExtensibilityGlobals) = postSolution
		SolutionGuid = {660885F4-A182-4D51-A853-2E7772CB4E5D}
	EndGlobalSection
EndGlobal
